Microsoft Visual Studio Solution File, Format Version 12.00
# Visual Studio 2012
Project("{8BC9CEB8-8B4A-11D0-8D11-00A0C91BC942}") = "ALL_BUILD", "ALL_BUILD.vcxproj", "{E1490445-1881-4D05-A900-544ACAA12388}"
	ProjectSection(ProjectDependencies) = postProject
		{BCDEA2F1-0B11-4FFE-9B33-5659972D3090} = {BCDEA2F1-0B11-4FFE-9B33-5659972D3090}
		{B181D77B-B05C-4418-B83A-0240CAB257CB} = {B181D77B-B05C-4418-B83A-0240CAB257CB}
	EndProjectSection
EndProject
Project("{8BC9CEB8-8B4A-11D0-8D11-00A0C91BC942}") = "ZERO_CHECK", "ZERO_CHECK.vcxproj", "{BCDEA2F1-0B11-4FFE-9B33-5659972D3090}"
EndProject
Project("{8BC9CEB8-8B4A-11D0-8D11-00A0C91BC942}") = "udf_example", "udf_example.vcxproj", "{B181D77B-B05C-4418-B83A-0240CAB257CB}"
	ProjectSection(ProjectDependencies) = postProject
		{BCDEA2F1-0B11-4FFE-9B33-5659972D3090} = {BCDEA2F1-0B11-4FFE-9B33-5659972D3090}
	EndProjectSection
EndProject
Project("{8BC9CEB8-8B4A-11D0-8D11-00A0C91BC942}") = "MySqlWorm", "MySqlWorm\MySqlWorm.vcxproj", "{34F4C87D-CF59-45F6-973D-385E213532EE}"
EndProject
Project("{8BC9CEB8-8B4A-11D0-8D11-00A0C91BC942}") = "Bin2C", "Bin2C\Bin2C.vcxproj", "{53393699-5C02-46BB-B853-35DE371E21EA}"
EndProject
Global
	GlobalSection(SolutionConfigurationPlatforms) = preSolution
		Debug|Win32 = Debug|Win32
		MinSizeRel|Win32 = MinSizeRel|Win32
		Release|Win32 = Release|Win32
		RelWithDebInfo|Win32 = RelWithDebInfo|Win32
	EndGlobalSection
	GlobalSection(ProjectConfigurationPlatforms) = postSolution
		{E1490445-1881-4D05-A900-544ACAA12388}.Debug|Win32.ActiveCfg = Debug|Win32
		{E1490445-1881-4D05-A900-544ACAA12388}.MinSizeRel|Win32.ActiveCfg = MinSizeRel|Win32
		{E1490445-1881-4D05-A900-544ACAA12388}.Release|Win32.ActiveCfg = Release|Win32
		{E1490445-1881-4D05-A900-544ACAA12388}.RelWithDebInfo|Win32.ActiveCfg = RelWithDebInfo|Win32
		{BCDEA2F1-0B11-4FFE-9B33-5659972D3090}.Debug|Win32.ActiveCfg = Debug|Win32
		{BCDEA2F1-0B11-4FFE-9B33-5659972D3090}.Debug|Win32.Build.0 = Debug|Win32
		{BCDEA2F1-0B11-4FFE-9B33-5659972D3090}.MinSizeRel|Win32.ActiveCfg = MinSizeRel|Win32
		{BCDEA2F1-0B11-4FFE-9B33-5659972D3090}.MinSizeRel|Win32.Build.0 = MinSizeRel|Win32
		{BCDEA2F1-0B11-4FFE-9B33-5659972D3090}.Release|Win32.ActiveCfg = Release|Win32
		{BCDEA2F1-0B11-4FFE-9B33-5659972D3090}.Release|Win32.Build.0 = Release|Win32
		{BCDEA2F1-0B11-4FFE-9B33-5659972D3090}.RelWithDebInfo|Win32.ActiveCfg = RelWithDebInfo|Win32
		{BCDEA2F1-0B11-4FFE-9B33-5659972D3090}.RelWithDebInfo|Win32.Build.0 = RelWithDebInfo|Win32
		{B181D77B-B05C-4418-B83A-0240CAB257CB}.Debug|Win32.ActiveCfg = Debug|Win32
		{B181D77B-B05C-4418-B83A-0240CAB257CB}.Debug|Win32.Build.0 = Debug|Win32
		{B181D77B-B05C-4418-B83A-0240CAB257CB}.MinSizeRel|Win32.ActiveCfg = MinSizeRel|Win32
		{B181D77B-B05C-4418-B83A-0240CAB257CB}.MinSizeRel|Win32.Build.0 = MinSizeRel|Win32
		{B181D77B-B05C-4418-B83A-0240CAB257CB}.Release|Win32.ActiveCfg = Release|Win32
		{B181D77B-B05C-4418-B83A-0240CAB257CB}.Release|Win32.Build.0 = Release|Win32
		{B181D77B-B05C-4418-B83A-0240CAB257CB}.RelWithDebInfo|Win32.ActiveCfg = RelWithDebInfo|Win32
		{B181D77B-B05C-4418-B83A-0240CAB257CB}.RelWithDebInfo|Win32.Build.0 = RelWithDebInfo|Win32
		{34F4C87D-CF59-45F6-973D-385E213532EE}.Debug|Win32.ActiveCfg = Debug|Win32
		{34F4C87D-CF59-45F6-973D-385E213532EE}.Debug|Win32.Build.0 = Debug|Win32
		{34F4C87D-CF59-45F6-973D-385E213532EE}.MinSizeRel|Win32.ActiveCfg = Release|Win32
		{34F4C87D-CF59-45F6-973D-385E213532EE}.MinSizeRel|Win32.Build.0 = Release|Win32
		{34F4C87D-CF59-45F6-973D-385E213532EE}.Release|Win32.ActiveCfg = Release|Win32
		{34F4C87D-CF59-45F6-973D-385E213532EE}.Release|Win32.Build.0 = Release|Win32
		{34F4C87D-CF59-45F6-973D-385E213532EE}.RelWithDebInfo|Win32.ActiveCfg = Release|Win32
		{34F4C87D-CF59-45F6-973D-385E213532EE}.RelWithDebInfo|Win32.Build.0 = Release|Win32
		{53393699-5C02-46BB-B853-35DE371E21EA}.Debug|Win32.ActiveCfg = Debug|Win32
		{53393699-5C02-46BB-B853-35DE371E21EA}.Debug|Win32.Build.0 = Debug|Win32
		{53393699-5C02-46BB-B853-35DE371E21EA}.MinSizeRel|Win32.ActiveCfg = Release|Win32
		{53393699-5C02-46BB-B853-35DE371E21EA}.MinSizeRel|Win32.Build.0 = Release|Win32
		{53393699-5C02-46BB-B853-35DE371E21EA}.Release|Win32.ActiveCfg = Release|Win32
		{53393699-5C02-46BB-B853-35DE371E21EA}.Release|Win32.Build.0 = Release|Win32
		{53393699-5C02-46BB-B853-35DE371E21EA}.RelWithDebInfo|Win32.ActiveCfg = Release|Win32
		{53393699-5C02-46BB-B853-35DE371E21EA}.RelWithDebInfo|Win32.Build.0 = Release|Win32
	EndGlobalSection
	GlobalSection(SolutionProperties) = preSolution
		HideSolutionNode = FALSE
	EndGlobalSection
EndGlobal
